// !$*UTF8*$!
{
	archiveVersion = 1;
	classes = {
	};
	objectVersion = 46;
	objects = {

/* Begin PBXBuildFile section */
		1F8A80B91C4EB0AF00971E9D /* main.m in Sources */ = {isa = PBXBuildFile; fileRef = 1F8A80B81C4EB0AF00971E9D /* main.m */; };
/* End PBXBuildFile section */

/* Begin PBXCopyFilesBuildPhase section */
		1F8A80B31C4EB0AF00971E9D /* CopyFiles */ = {
			isa = PBXCopyFilesBuildPhase;
			buildActionMask = 2147483647;
			dstPath = /usr/share/man/man1/;
			dstSubfolderSpec = 0;
			files = (
			);
			runOnlyForDeploymentPostprocessing = 1;
		};
/* End PBXCopyFilesBuildPhase section */

/* Begin PBXFileReference section */
		1F8A80B51C4EB0AF00971E9D /* LaunchDaemon */ = {isa = PBXFileReference; explicitFileType = "compiled.mach-o.executable"; includeInIndex = 0; path = LaunchDaemon; sourceTree = BUILT_PRODUCTS_DIR; };
		1F8A80B81C4EB0AF00971E9D /* main.m */ = {isa = PBXFileReference; lastKnownFileType = sourcecode.c.objc; path = main.m; sourceTree = "<group>"; };
/* End PBXFileReference section */

/* Begin PBXFrameworksBuildPhase section */
		1F8A80B21C4EB0AF00971E9D /* Frameworks */ = {
			isa = PBXFrameworksBuildPhase;
			buildActionMask = 2147483647;
			files = (
			);
			runOnlyForDeploymentPostprocessing = 0;
		};
/* End PBXFrameworksBuildPhase section */

/* Begin PBXGroup section */
		1F8A80AC1C4EB0AF00971E9D = {
			isa = PBXGroup;
			children = (
				1F8A80B71C4EB0AF00971E9D /* LaunchDaemon */,
				1F8A80B61C4EB0AF00971E9D /* Products */,
			);
			sourceTree = "<group>";
		};
		1F8A80B61C4EB0AF00971E9D /* Products */ = {
			isa = PBXGroup;
			children = (
				1F8A80B51C4EB0AF00971E9D /* LaunchDaemon */,
			);
			name = Products;
			sourceTree = "<group>";
		};
		1F8A80B71C4EB0AF00971E9D /* LaunchDaemon */ = {
			isa = PBXGroup;
			children = (
				1F8A80B81C4EB0AF00971E9D /* main.m */,
			);
			path = LaunchDaemon;
			sourceTree = "<group>";
		};
/* End PBXGroup section */

/* Begin PBXNativeTarget section */
		1F8A80B41C4EB0AF00971E9D /* LaunchDaemon */ = {
			isa = PBXNativeTarget;
			buildConfigurationList = 1F8A80BC1C4EB0AF00971E9D /* Build configuration list for PBXNativeTarget "LaunchDaemon" */;
			buildPhases = (
				1F8A80B11C4EB0AF00971E9D /* Sources */,
				1F8A80B21C4EB0AF00971E9D /* Frameworks */,
				1F8A80B31C4EB0AF00971E9D /* CopyFiles */,
			);
			buildRules = (
			);
			dependencies = (
			);
			name = LaunchDaemon;
			productName = LaunchDaemon;
			productReference = 1F8A80B51C4EB0AF00971E9D /* LaunchDaemon */;
			productType = "com.apple.product-type.tool";
		};
/* End PBXNativeTarget section */

/* Begin PBXProject section */
		1F8A80AD1C4EB0AF00971E9D /* Project object */ = {
			isa = PBXProject;
			attributes = {
				LastUpgradeCheck = 0720;
				ORGANIZATIONNAME = Example;
				TargetAttributes = {
					1F8A80B41C4EB0AF00971E9D = {
						CreatedOnToolsVersion = 7.2;
					};
				};
			};
			buildConfigurationList = 1F8A80B01C4EB0AF00971E9D /* Build configuration list for PBXProject "LaunchDaemon" */;
			compatibilityVersion = "Xcode 3.2";
			developmentRegion = English;
			hasScannedForEncodings = 0;
			knownRegions = (
				en,
			);
			mainGroup = 1F8A80AC1C4EB0AF00971E9D;
			productRefGroup = 1F8A80B61C4EB0AF00971E9D /* Products */;
			projectDirPath = "";
			projectRoot = "";
			targets = (
				1F8A80B41C4EB0AF00971E9D /* LaunchDaemon */,
			);
		};
/* End PBXProject section */

/* Begin PBXSourcesBuildPhase section */
		1F8A80B11C4EB0AF00971E9D /* Sources */ = {
			isa = PBXSourcesBuildPhase;
			buildActionMask = 2147483647;
			files = (
				1F8A80B91C4EB0AF00971E9D /* main.m in Sources */,
			);
			runOnlyForDeploymentPostprocessing = 0;
		};
/* End PBXSourcesBuildPhase section */

/* Begin XCBuildConfiguration section */
		1F8A80BA1C4EB0AF00971E9D /* Debug */ = {
			isa = XCBuildConfiguration;
			buildSettings = {
				ALWAYS_SEARCH_USER_PATHS = NO;
				CLANG_CXX_LANGUAGE_STANDARD = "gnu++0x";
				CLANG_CXX_LIBRARY = "libc++";
				CLANG_ENABLE_MODULES = YES;
				CLANG_ENABLE_OBJC_ARC = YES;
				CLANG_WARN_BOOL_CONVERSION = YES;
				CLANG_WARN_CONSTANT_CONVERSION = YES;
				CLANG_WARN_DIRECT_OBJC_ISA_USAGE = YES_ERROR;
				CLANG_WARN_EMPTY_BODY = YES;
				CLANG_WARN_ENUM_CONVERSION = YES;
				CLANG_WARN_INT_CONVERSION = YES;
				CLANG_WARN_OBJC_ROOT_CLASS = YES_ERROR;
				CLANG_WARN_UNREACHABLE_CODE = YES;
				CLANG_WARN__DUPLICATE_METHOD_MATCH = YES;
				CODE_SIGN_IDENTITY = "-";
				COPY_PHASE_STRIP = NO;
				DEBUG_INFORMATION_FORMAT = dwarf;
				ENABLE_STRICT_OBJC_MSGSEND = YES;
				ENABLE_TESTABILITY = YES;
				GCC_C_LANGUAGE_STANDARD = gnu99;
				GCC_DYNAMIC_NO_PIC = NO;
				GCC_NO_COMMON_BLOCKS = YES;
				GCC_OPTIMIZATION_LEVEL = 0;
				GCC_PREPROCESSOR_DEFINITIONS = (
					"DEBUG=1",
					"$(inherited)",
				);
				GCC_WARN_64_TO_32_BIT_CONVERSION = YES;
				GCC_WARN_ABOUT_RETURN_TYPE = YES_ERROR;
				GCC_WARN_UNDECLARED_SELECTOR = YES;
				GCC_WARN_UNINITIALIZED_AUTOS = YES_AGGRESSIVE;
				GCC_WARN_UNUSED_FUNCTION = YES;
				GCC_WARN_UNUSED_VARIABLE = YES;
				MACOSX_DEPLOYMENT_TARGET = 10.11;
				MTL_ENABLE_DEBUG_INFO = YES;
				ONLY_ACTIVE_ARCH = YES;
				SDKROOT = macosx;
			};
			name = Debug;
		};
		1F8A80BB1C4EB0AF00971E9D /* Release */ = {
			isa = XCBuildConfiguration;
			buildSettings = {
				ALWAYS_SEARCH_USER_PATHS = NO;
				CLANG_CXX_LANGUAGE_STANDARD = "gnu++0x";
				CLANG_CXX_LIBRARY = "libc++";
				CLANG_ENABLE_MODULES = YES;
				CLANG_ENABLE_OBJC_ARC = YES;
				CLANG_WARN_BOOL_CONVERSION = YES;
				CLANG_WARN_CONSTANT_CONVERSION = YES;
				CLANG_WARN_DIRECT_OBJC_ISA_USAGE = YES_ERROR;
				CLANG_WARN_EMPTY_BODY = YES;
				CLANG_WARN_ENUM_CONVERSION = YES;
				CLANG_WARN_INT_CONVERSION = YES;
				CLANG_WARN_OBJC_ROOT_CLASS = YES_ERROR;
				CLANG_WARN_UNREACHABLE_CODE = YES;
				CLANG_WARN__DUPLICATE_METHOD_MATCH = YES;
				CODE_SIGN_IDENTITY = "-";
				COPY_PHASE_STRIP = NO;
				DEBUG_INFORMATION_FORMAT = "dwarf-with-dsym";
				ENABLE_NS_ASSERTIONS = NO;
				ENABLE_STRICT_OBJC_MSGSEND = YES;
				GCC_C_LANGUAGE_STANDARD = gnu99;
				GCC_NO_COMMON_BLOCKS = YES;
				GCC_WARN_64_TO_32_BIT_CONVERSION = YES;
				GCC_WARN_ABOUT_RETURN_TYPE = YES_ERROR;
				GCC_WARN_UNDECLARED_SELECTOR = YES;
				GCC_WARN_UNINITIALIZED_AUTOS = YES_AGGRESSIVE;
				GCC_WARN_UNUSED_FUNCTION = YES;
				GCC_WARN_UNUSED_VARIABLE = YES;
				MACOSX_DEPLOYMENT_TARGET = 10.11;
				MTL_ENABLE_DEBUG_INFO = NO;
				SDKROOT = macosx;
			};
			name = Release;
		};
		1F8A80BD1C4EB0AF00971E9D /* Debug */ = {
			isa = XCBuildConfiguration;
			buildSettings = {
				PRODUCT_NAME = "$(TARGET_NAME)";
			};
			name = Debug;
		};
		1F8A80BE1C4EB0AF00971E9D /* Release */ = {
			isa = XCBuildConfiguration;
			buildSettings = {
				PRODUCT_NAME = "$(TARGET_NAME)";
			};
			name = Release;
		};
/* End XCBuildConfiguration section */

/* Begin XCConfigurationList section */
		1F8A80B01C4EB0AF00971E9D /* Build configuration list for PBXProject "LaunchDaemon" */ = {
			isa = XCConfigurationList;
			buildConfigurations = (
				1F8A80BA1C4EB0AF00971E9D /* Debug */,
				1F8A80BB1C4EB0AF00971E9D /* Release */,
			);
			defaultConfigurationIsVisible = 0;
			defaultConfigurationName = Release;
		};
		1F8A80BC1C4EB0AF00971E9D /* Build configuration list for PBXNativeTarget "LaunchDaemon" */ = {
			isa = XCConfigurationList;
			buildConfigurations = (
				1F8A80BD1C4EB0AF00971E9D /* Debug */,
				1F8A80BE1C4EB0AF00971E9D /* Release */,
			);
			defaultConfigurationIsVisible = 0;
		};
/* End XCConfigurationList section */
	};
	rootObject = 1F8A80AD1C4EB0AF00971E9D /* Project object */;
}
